// !$*UTF8*$!
{
	archiveVersion = 1;
	classes = {
	};
	objectVersion = 55;
	objects = {

/* Begin PBXBuildFile section */
		0B7194E92874E44200DA7114 /* AppDelegate.m in Sources */ = {isa = PBXBuildFile; fileRef = 0B7194E82874E44200DA7114 /* AppDelegate.m */; };
		0B7194EC2874E44200DA7114 /* SceneDelegate.m in Sources */ = {isa = PBXBuildFile; fileRef = 0B7194EB2874E44200DA7114 /* SceneDelegate.m */; };
		0B7194F22874E44300DA7114 /* Main.storyboard in Resources */ = {isa = PBXBuildFile; fileRef = 0B7194F02874E44300DA7114 /* Main.storyboard */; };
		0B7194F42874E44300DA7114 /* Assets.xcassets in Resources */ = {isa = PBXBuildFile; fileRef = 0B7194F32874E44300DA7114 /* Assets.xcassets */; };
		0B7194F72874E44300DA7114 /* LaunchScreen.storyboard in Resources */ = {isa = PBXBuildFile; fileRef = 0B7194F52874E44300DA7114 /* LaunchScreen.storyboard */; };
		0B7194FA2874E44300DA7114 /* main.m in Sources */ = {isa = PBXBuildFile; fileRef = 0B7194F92874E44300DA7114 /* main.m */; };
		0B7195042874E44400DA7114 /* Dorm_Room_WallTests.m in Sources */ = {isa = PBXBuildFile; fileRef = 0B7195032874E44400DA7114 /* Dorm_Room_WallTests.m */; };
		0B71950E2874E44400DA7114 /* Dorm_Room_WallUITests.m in Sources */ = {isa = PBXBuildFile; fileRef = 0B71950D2874E44400DA7114 /* Dorm_Room_WallUITests.m */; };
		0B7195102874E44400DA7114 /* Dorm_Room_WallUITestsLaunchTests.m in Sources */ = {isa = PBXBuildFile; fileRef = 0B71950F2874E44400DA7114 /* Dorm_Room_WallUITestsLaunchTests.m */; };
		0B71951E287500BC00DA7114 /* LoginViewController.m in Sources */ = {isa = PBXBuildFile; fileRef = 0B71951D287500BC00DA7114 /* LoginViewController.m */; };
		0B719524287649F900DA7114 /* WallFeedController.m in Sources */ = {isa = PBXBuildFile; fileRef = 0B719523287649F900DA7114 /* WallFeedController.m */; };
		0B71952728764AD100DA7114 /* MyWallViewController.m in Sources */ = {isa = PBXBuildFile; fileRef = 0B71952628764AD100DA7114 /* MyWallViewController.m */; };
		0B71952A28764C6800DA7114 /* ChatViewController.m in Sources */ = {isa = PBXBuildFile; fileRef = 0B71952928764C6800DA7114 /* ChatViewController.m */; };
		0B990A472876B83F005B88C1 /* WallCell.m in Sources */ = {isa = PBXBuildFile; fileRef = 0B990A462876B83F005B88C1 /* WallCell.m */; };
		0B990A4A2876B8F6005B88C1 /* Wall.m in Sources */ = {isa = PBXBuildFile; fileRef = 0B990A492876B8F6005B88C1 /* Wall.m */; };
		134C9C4568381B36EDA0EA58 /* Pods_Dorm_Room_WallTests.framework in Frameworks */ = {isa = PBXBuildFile; fileRef = A79A86AFA772E657A3502DE0 /* Pods_Dorm_Room_WallTests.framework */; };
		BD9DDEA1F7FE470A46E13FCF /* Pods_Dorm_Room_Wall_Dorm_Room_WallUITests.framework in Frameworks */ = {isa = PBXBuildFile; fileRef = F2AC8745A9547ACB1C97D51C /* Pods_Dorm_Room_Wall_Dorm_Room_WallUITests.framework */; };
		D1750779BF68D5840A600DAD /* Pods_Dorm_Room_Wall.framework in Frameworks */ = {isa = PBXBuildFile; fileRef = 0BF4AAF191067986D5DF5D60 /* Pods_Dorm_Room_Wall.framework */; };
/* End PBXBuildFile section */

/* Begin PBXContainerItemProxy section */
		0B7195002874E44400DA7114 /* PBXContainerItemProxy */ = {
			isa = PBXContainerItemProxy;
			containerPortal = 0B7194DC2874E44200DA7114 /* Project object */;
			proxyType = 1;
			remoteGlobalIDString = 0B7194E32874E44200DA7114;
			remoteInfo = "Dorm Room Wall";
		};
		0B71950A2874E44400DA7114 /* PBXContainerItemProxy */ = {
			isa = PBXContainerItemProxy;
			containerPortal = 0B7194DC2874E44200DA7114 /* Project object */;
			proxyType = 1;
			remoteGlobalIDString = 0B7194E32874E44200DA7114;
			remoteInfo = "Dorm Room Wall";
		};
/* End PBXContainerItemProxy section */

/* Begin PBXFileReference section */
		077EF76A3B8EEBFAC278BCD1 /* Pods-Dorm Room WallTests.debug.xcconfig */ = {isa = PBXFileReference; includeInIndex = 1; lastKnownFileType = text.xcconfig; name = "Pods-Dorm Room WallTests.debug.xcconfig"; path = "Target Support Files/Pods-Dorm Room WallTests/Pods-Dorm Room WallTests.debug.xcconfig"; sourceTree = "<group>"; };
		0B7194E42874E44200DA7114 /* Dorm Room Wall.app */ = {isa = PBXFileReference; explicitFileType = wrapper.application; includeInIndex = 0; path = "Dorm Room Wall.app"; sourceTree = BUILT_PRODUCTS_DIR; };
		0B7194E72874E44200DA7114 /* AppDelegate.h */ = {isa = PBXFileReference; lastKnownFileType = sourcecode.c.h; path = AppDelegate.h; sourceTree = "<group>"; };
		0B7194E82874E44200DA7114 /* AppDelegate.m */ = {isa = PBXFileReference; lastKnownFileType = sourcecode.c.objc; path = AppDelegate.m; sourceTree = "<group>"; };
		0B7194EA2874E44200DA7114 /* SceneDelegate.h */ = {isa = PBXFileReference; lastKnownFileType = sourcecode.c.h; path = SceneDelegate.h; sourceTree = "<group>"; };
		0B7194EB2874E44200DA7114 /* SceneDelegate.m */ = {isa = PBXFileReference; lastKnownFileType = sourcecode.c.objc; path = SceneDelegate.m; sourceTree = "<group>"; };
		0B7194F12874E44300DA7114 /* Base */ = {isa = PBXFileReference; lastKnownFileType = file.storyboard; name = Base; path = Base.lproj/Main.storyboard; sourceTree = "<group>"; };
		0B7194F32874E44300DA7114 /* Assets.xcassets */ = {isa = PBXFileReference; lastKnownFileType = folder.assetcatalog; path = Assets.xcassets; sourceTree = "<group>"; };
		0B7194F62874E44300DA7114 /* Base */ = {isa = PBXFileReference; lastKnownFileType = file.storyboard; name = Base; path = Base.lproj/LaunchScreen.storyboard; sourceTree = "<group>"; };
		0B7194F82874E44300DA7114 /* Info.plist */ = {isa = PBXFileReference; lastKnownFileType = text.plist.xml; path = Info.plist; sourceTree = "<group>"; };
		0B7194F92874E44300DA7114 /* main.m */ = {isa = PBXFileReference; lastKnownFileType = sourcecode.c.objc; path = main.m; sourceTree = "<group>"; };
		0B7194FF2874E44400DA7114 /* Dorm Room WallTests.xctest */ = {isa = PBXFileReference; explicitFileType = wrapper.cfbundle; includeInIndex = 0; path = "Dorm Room WallTests.xctest"; sourceTree = BUILT_PRODUCTS_DIR; };
		0B7195032874E44400DA7114 /* Dorm_Room_WallTests.m */ = {isa = PBXFileReference; lastKnownFileType = sourcecode.c.objc; path = Dorm_Room_WallTests.m; sourceTree = "<group>"; };
		0B7195092874E44400DA7114 /* Dorm Room WallUITests.xctest */ = {isa = PBXFileReference; explicitFileType = wrapper.cfbundle; includeInIndex = 0; path = "Dorm Room WallUITests.xctest"; sourceTree = BUILT_PRODUCTS_DIR; };
		0B71950D2874E44400DA7114 /* Dorm_Room_WallUITests.m */ = {isa = PBXFileReference; lastKnownFileType = sourcecode.c.objc; path = Dorm_Room_WallUITests.m; sourceTree = "<group>"; };
		0B71950F2874E44400DA7114 /* Dorm_Room_WallUITestsLaunchTests.m */ = {isa = PBXFileReference; lastKnownFileType = sourcecode.c.objc; path = Dorm_Room_WallUITestsLaunchTests.m; sourceTree = "<group>"; };
		0B71951C287500BC00DA7114 /* LoginViewController.h */ = {isa = PBXFileReference; lastKnownFileType = sourcecode.c.h; path = LoginViewController.h; sourceTree = "<group>"; };
		0B71951D287500BC00DA7114 /* LoginViewController.m */ = {isa = PBXFileReference; lastKnownFileType = sourcecode.c.objc; path = LoginViewController.m; sourceTree = "<group>"; };
		0B719522287649F900DA7114 /* WallFeedController.h */ = {isa = PBXFileReference; lastKnownFileType = sourcecode.c.h; path = WallFeedController.h; sourceTree = "<group>"; };
		0B719523287649F900DA7114 /* WallFeedController.m */ = {isa = PBXFileReference; lastKnownFileType = sourcecode.c.objc; path = WallFeedController.m; sourceTree = "<group>"; };
		0B71952528764AD100DA7114 /* MyWallViewController.h */ = {isa = PBXFileReference; lastKnownFileType = sourcecode.c.h; path = MyWallViewController.h; sourceTree = "<group>"; };
		0B71952628764AD100DA7114 /* MyWallViewController.m */ = {isa = PBXFileReference; lastKnownFileType = sourcecode.c.objc; path = MyWallViewController.m; sourceTree = "<group>"; };
		0B71952828764C6800DA7114 /* ChatViewController.h */ = {isa = PBXFileReference; lastKnownFileType = sourcecode.c.h; path = ChatViewController.h; sourceTree = "<group>"; };
		0B71952928764C6800DA7114 /* ChatViewController.m */ = {isa = PBXFileReference; lastKnownFileType = sourcecode.c.objc; path = ChatViewController.m; sourceTree = "<group>"; };
		0B990A452876B83F005B88C1 /* WallCell.h */ = {isa = PBXFileReference; lastKnownFileType = sourcecode.c.h; path = WallCell.h; sourceTree = "<group>"; };
		0B990A462876B83F005B88C1 /* WallCell.m */ = {isa = PBXFileReference; lastKnownFileType = sourcecode.c.objc; path = WallCell.m; sourceTree = "<group>"; };
		0B990A482876B8F6005B88C1 /* Wall.h */ = {isa = PBXFileReference; lastKnownFileType = sourcecode.c.h; path = Wall.h; sourceTree = "<group>"; };
		0B990A492876B8F6005B88C1 /* Wall.m */ = {isa = PBXFileReference; lastKnownFileType = sourcecode.c.objc; path = Wall.m; sourceTree = "<group>"; };
		0BF4AAF191067986D5DF5D60 /* Pods_Dorm_Room_Wall.framework */ = {isa = PBXFileReference; explicitFileType = wrapper.framework; includeInIndex = 0; path = Pods_Dorm_Room_Wall.framework; sourceTree = BUILT_PRODUCTS_DIR; };
		4420F7F39F798B113B04DD56 /* Pods-Dorm Room Wall-Dorm Room WallUITests.release.xcconfig */ = {isa = PBXFileReference; includeInIndex = 1; lastKnownFileType = text.xcconfig; name = "Pods-Dorm Room Wall-Dorm Room WallUITests.release.xcconfig"; path = "Target Support Files/Pods-Dorm Room Wall-Dorm Room WallUITests/Pods-Dorm Room Wall-Dorm Room WallUITests.release.xcconfig"; sourceTree = "<group>"; };
		6635A27A7198C096730137A3 /* Pods-Dorm Room WallTests.release.xcconfig */ = {isa = PBXFileReference; includeInIndex = 1; lastKnownFileType = text.xcconfig; name = "Pods-Dorm Room WallTests.release.xcconfig"; path = "Target Support Files/Pods-Dorm Room WallTests/Pods-Dorm Room WallTests.release.xcconfig"; sourceTree = "<group>"; };
		7995E3DFE3C7BFD19D9A6B3A /* Pods-Dorm Room Wall-Dorm Room WallUITests.debug.xcconfig */ = {isa = PBXFileReference; includeInIndex = 1; lastKnownFileType = text.xcconfig; name = "Pods-Dorm Room Wall-Dorm Room WallUITests.debug.xcconfig"; path = "Target Support Files/Pods-Dorm Room Wall-Dorm Room WallUITests/Pods-Dorm Room Wall-Dorm Room WallUITests.debug.xcconfig"; sourceTree = "<group>"; };
		A79A86AFA772E657A3502DE0 /* Pods_Dorm_Room_WallTests.framework */ = {isa = PBXFileReference; explicitFileType = wrapper.framework; includeInIndex = 0; path = Pods_Dorm_Room_WallTests.framework; sourceTree = BUILT_PRODUCTS_DIR; };
		A8D396D7FDE03B0778F42015 /* Pods-Dorm Room Wall.release.xcconfig */ = {isa = PBXFileReference; includeInIndex = 1; lastKnownFileType = text.xcconfig; name = "Pods-Dorm Room Wall.release.xcconfig"; path = "Target Support Files/Pods-Dorm Room Wall/Pods-Dorm Room Wall.release.xcconfig"; sourceTree = "<group>"; };
		C5A92D1E4187127565914AFD /* Pods-Dorm Room Wall.debug.xcconfig */ = {isa = PBXFileReference; includeInIndex = 1; lastKnownFileType = text.xcconfig; name = "Pods-Dorm Room Wall.debug.xcconfig"; path = "Target Support Files/Pods-Dorm Room Wall/Pods-Dorm Room Wall.debug.xcconfig"; sourceTree = "<group>"; };
		F2AC8745A9547ACB1C97D51C /* Pods_Dorm_Room_Wall_Dorm_Room_WallUITests.framework */ = {isa = PBXFileReference; explicitFileType = wrapper.framework; includeInIndex = 0; path = Pods_Dorm_Room_Wall_Dorm_Room_WallUITests.framework; sourceTree = BUILT_PRODUCTS_DIR; };
/* End PBXFileReference section */

/* Begin PBXFrameworksBuildPhase section */
		0B7194E12874E44200DA7114 /* Frameworks */ = {
			isa = PBXFrameworksBuildPhase;
			buildActionMask = 2147483647;
			files = (
				D1750779BF68D5840A600DAD /* Pods_Dorm_Room_Wall.framework in Frameworks */,
			);
			runOnlyForDeploymentPostprocessing = 0;
		};
		0B7194FC2874E44400DA7114 /* Frameworks */ = {
			isa = PBXFrameworksBuildPhase;
			buildActionMask = 2147483647;
			files = (
				134C9C4568381B36EDA0EA58 /* Pods_Dorm_Room_WallTests.framework in Frameworks */,
			);
			runOnlyForDeploymentPostprocessing = 0;
		};
		0B7195062874E44400DA7114 /* Frameworks */ = {
			isa = PBXFrameworksBuildPhase;
			buildActionMask = 2147483647;
			files = (
				BD9DDEA1F7FE470A46E13FCF /* Pods_Dorm_Room_Wall_Dorm_Room_WallUITests.framework in Frameworks */,
			);
			runOnlyForDeploymentPostprocessing = 0;
		};
/* End PBXFrameworksBuildPhase section */

/* Begin PBXGroup section */
		0B7194DB2874E44200DA7114 = {
			isa = PBXGroup;
			children = (
				0B7194E62874E44200DA7114 /* Dorm Room Wall */,
				0B7195022874E44400DA7114 /* Dorm Room WallTests */,
				0B71950C2874E44400DA7114 /* Dorm Room WallUITests */,
				0B7194E52874E44200DA7114 /* Products */,
				FD866156FE1B0FCDE75FE86E /* Pods */,
				D868982934A100F9398AB80E /* Frameworks */,
			);
			sourceTree = "<group>";
		};
		0B7194E52874E44200DA7114 /* Products */ = {
			isa = PBXGroup;
			children = (
				0B7194E42874E44200DA7114 /* Dorm Room Wall.app */,
				0B7194FF2874E44400DA7114 /* Dorm Room WallTests.xctest */,
				0B7195092874E44400DA7114 /* Dorm Room WallUITests.xctest */,
			);
			name = Products;
			sourceTree = "<group>";
		};
		0B7194E62874E44200DA7114 /* Dorm Room Wall */ = {
			isa = PBXGroup;
			children = (
				0B990A452876B83F005B88C1 /* WallCell.h */,
				0B990A462876B83F005B88C1 /* WallCell.m */,
				0B7194E72874E44200DA7114 /* AppDelegate.h */,
				0B7194E82874E44200DA7114 /* AppDelegate.m */,
				0B7194EA2874E44200DA7114 /* SceneDelegate.h */,
				0B7194EB2874E44200DA7114 /* SceneDelegate.m */,
				0B7194F02874E44300DA7114 /* Main.storyboard */,
				0B990A482876B8F6005B88C1 /* Wall.h */,
				0B990A492876B8F6005B88C1 /* Wall.m */,
				0B71952828764C6800DA7114 /* ChatViewController.h */,
				0B71952928764C6800DA7114 /* ChatViewController.m */,
				0B71951C287500BC00DA7114 /* LoginViewController.h */,
				0B71951D287500BC00DA7114 /* LoginViewController.m */,
				0B719522287649F900DA7114 /* WallFeedController.h */,
				0B719523287649F900DA7114 /* WallFeedController.m */,
				0B71952528764AD100DA7114 /* MyWallViewController.h */,
				0B71952628764AD100DA7114 /* MyWallViewController.m */,
				0B7194F32874E44300DA7114 /* Assets.xcassets */,
				0B7194F52874E44300DA7114 /* LaunchScreen.storyboard */,
				0B7194F82874E44300DA7114 /* Info.plist */,
				0B7194F92874E44300DA7114 /* main.m */,
			);
			path = "Dorm Room Wall";
			sourceTree = "<group>";
		};
		0B7195022874E44400DA7114 /* Dorm Room WallTests */ = {
			isa = PBXGroup;
			children = (
				0B7195032874E44400DA7114 /* Dorm_Room_WallTests.m */,
			);
			path = "Dorm Room WallTests";
			sourceTree = "<group>";
		};
		0B71950C2874E44400DA7114 /* Dorm Room WallUITests */ = {
			isa = PBXGroup;
			children = (
				0B71950D2874E44400DA7114 /* Dorm_Room_WallUITests.m */,
				0B71950F2874E44400DA7114 /* Dorm_Room_WallUITestsLaunchTests.m */,
			);
			path = "Dorm Room WallUITests";
			sourceTree = "<group>";
		};
		D868982934A100F9398AB80E /* Frameworks */ = {
			isa = PBXGroup;
			children = (
				0BF4AAF191067986D5DF5D60 /* Pods_Dorm_Room_Wall.framework */,
				F2AC8745A9547ACB1C97D51C /* Pods_Dorm_Room_Wall_Dorm_Room_WallUITests.framework */,
				A79A86AFA772E657A3502DE0 /* Pods_Dorm_Room_WallTests.framework */,
			);
			name = Frameworks;
			sourceTree = "<group>";
		};
		FD866156FE1B0FCDE75FE86E /* Pods */ = {
			isa = PBXGroup;
			children = (
				C5A92D1E4187127565914AFD /* Pods-Dorm Room Wall.debug.xcconfig */,
				A8D396D7FDE03B0778F42015 /* Pods-Dorm Room Wall.release.xcconfig */,
				7995E3DFE3C7BFD19D9A6B3A /* Pods-Dorm Room Wall-Dorm Room WallUITests.debug.xcconfig */,
				4420F7F39F798B113B04DD56 /* Pods-Dorm Room Wall-Dorm Room WallUITests.release.xcconfig */,
				077EF76A3B8EEBFAC278BCD1 /* Pods-Dorm Room WallTests.debug.xcconfig */,
				6635A27A7198C096730137A3 /* Pods-Dorm Room WallTests.release.xcconfig */,
			);
			path = Pods;
			sourceTree = "<group>";
		};
/* End PBXGroup section */

/* Begin PBXNativeTarget section */
		0B7194E32874E44200DA7114 /* Dorm Room Wall */ = {
			isa = PBXNativeTarget;
			buildConfigurationList = 0B7195132874E44400DA7114 /* Build configuration list for PBXNativeTarget "Dorm Room Wall" */;
			buildPhases = (
				1E36DE7C5D6F19F544086A9E /* [CP] Check Pods Manifest.lock */,
				0B7194E02874E44200DA7114 /* Sources */,
				0B7194E12874E44200DA7114 /* Frameworks */,
				0B7194E22874E44200DA7114 /* Resources */,
				3D3D7C43DF03FB32AEE6199B /* [CP] Embed Pods Frameworks */,
			);
			buildRules = (
			);
			dependencies = (
			);
			name = "Dorm Room Wall";
			productName = "Dorm Room Wall";
			productReference = 0B7194E42874E44200DA7114 /* Dorm Room Wall.app */;
			productType = "com.apple.product-type.application";
		};
		0B7194FE2874E44400DA7114 /* Dorm Room WallTests */ = {
			isa = PBXNativeTarget;
			buildConfigurationList = 0B7195162874E44400DA7114 /* Build configuration list for PBXNativeTarget "Dorm Room WallTests" */;
			buildPhases = (
				28495F313E11EF67C6F469DA /* [CP] Check Pods Manifest.lock */,
				0B7194FB2874E44400DA7114 /* Sources */,
				0B7194FC2874E44400DA7114 /* Frameworks */,
				0B7194FD2874E44400DA7114 /* Resources */,
			);
			buildRules = (
			);
			dependencies = (
				0B7195012874E44400DA7114 /* PBXTargetDependency */,
			);
			name = "Dorm Room WallTests";
			productName = "Dorm Room WallTests";
			productReference = 0B7194FF2874E44400DA7114 /* Dorm Room WallTests.xctest */;
			productType = "com.apple.product-type.bundle.unit-test";
		};
		0B7195082874E44400DA7114 /* Dorm Room WallUITests */ = {
			isa = PBXNativeTarget;
			buildConfigurationList = 0B7195192874E44400DA7114 /* Build configuration list for PBXNativeTarget "Dorm Room WallUITests" */;
			buildPhases = (
				C832DF4FE23B178A2BCAB2C7 /* [CP] Check Pods Manifest.lock */,
				0B7195052874E44400DA7114 /* Sources */,
				0B7195062874E44400DA7114 /* Frameworks */,
				0B7195072874E44400DA7114 /* Resources */,
				9FA25AC02728BD336F834B63 /* [CP] Embed Pods Frameworks */,
			);
			buildRules = (
			);
			dependencies = (
				0B71950B2874E44400DA7114 /* PBXTargetDependency */,
			);
			name = "Dorm Room WallUITests";
			productName = "Dorm Room WallUITests";
			productReference = 0B7195092874E44400DA7114 /* Dorm Room WallUITests.xctest */;
			productType = "com.apple.product-type.bundle.ui-testing";
		};
/* End PBXNativeTarget section */

/* Begin PBXProject section */
		0B7194DC2874E44200DA7114 /* Project object */ = {
			isa = PBXProject;
			attributes = {
				BuildIndependentTargetsInParallel = 1;
				LastUpgradeCheck = 1340;
				TargetAttributes = {
					0B7194E32874E44200DA7114 = {
						CreatedOnToolsVersion = 13.4;
					};
					0B7194FE2874E44400DA7114 = {
						CreatedOnToolsVersion = 13.4;
						TestTargetID = 0B7194E32874E44200DA7114;
					};
					0B7195082874E44400DA7114 = {
						CreatedOnToolsVersion = 13.4;
						TestTargetID = 0B7194E32874E44200DA7114;
					};
				};
			};
			buildConfigurationList = 0B7194DF2874E44200DA7114 /* Build configuration list for PBXProject "Dorm Room Wall" */;
			compatibilityVersion = "Xcode 13.0";
			developmentRegion = en;
			hasScannedForEncodings = 0;
			knownRegions = (
				en,
				Base,
			);
			mainGroup = 0B7194DB2874E44200DA7114;
			productRefGroup = 0B7194E52874E44200DA7114 /* Products */;
			projectDirPath = "";
			projectRoot = "";
			targets = (
				0B7194E32874E44200DA7114 /* Dorm Room Wall */,
				0B7194FE2874E44400DA7114 /* Dorm Room WallTests */,
				0B7195082874E44400DA7114 /* Dorm Room WallUITests */,
			);
		};
/* End PBXProject section */

/* Begin PBXResourcesBuildPhase section */
		0B7194E22874E44200DA7114 /* Resources */ = {
			isa = PBXResourcesBuildPhase;
			buildActionMask = 2147483647;
			files = (
				0B7194F72874E44300DA7114 /* LaunchScreen.storyboard in Resources */,
				0B7194F42874E44300DA7114 /* Assets.xcassets in Resources */,
				0B7194F22874E44300DA7114 /* Main.storyboard in Resources */,
			);
			runOnlyForDeploymentPostprocessing = 0;
		};
		0B7194FD2874E44400DA7114 /* Resources */ = {
			isa = PBXResourcesBuildPhase;
			buildActionMask = 2147483647;
			files = (
			);
			runOnlyForDeploymentPostprocessing = 0;
		};
		0B7195072874E44400DA7114 /* Resources */ = {
			isa = PBXResourcesBuildPhase;
			buildActionMask = 2147483647;
			files = (
			);
			runOnlyForDeploymentPostprocessing = 0;
		};
/* End PBXResourcesBuildPhase section */

/* Begin PBXShellScriptBuildPhase section */
		1E36DE7C5D6F19F544086A9E /* [CP] Check Pods Manifest.lock */ = {
			isa = PBXShellScriptBuildPhase;
			buildActionMask = 2147483647;
			files = (
			);
			inputFileListPaths = (
			);
			inputPaths = (
				"${PODS_PODFILE_DIR_PATH}/Podfile.lock",
				"${PODS_ROOT}/Manifest.lock",
			);
			name = "[CP] Check Pods Manifest.lock";
			outputFileListPaths = (
			);
			outputPaths = (
				"$(DERIVED_FILE_DIR)/Pods-Dorm Room Wall-checkManifestLockResult.txt",
			);
			runOnlyForDeploymentPostprocessing = 0;
			shellPath = /bin/sh;
			shellScript = "diff \"${PODS_PODFILE_DIR_PATH}/Podfile.lock\" \"${PODS_ROOT}/Manifest.lock\" > /dev/null\nif [ $? != 0 ] ; then\n    # print error to STDERR\n    echo \"error: The sandbox is not in sync with the Podfile.lock. Run 'pod install' or update your CocoaPods installation.\" >&2\n    exit 1\nfi\n# This output is used by Xcode 'outputs' to avoid re-running this script phase.\necho \"SUCCESS\" > \"${SCRIPT_OUTPUT_FILE_0}\"\n";
			showEnvVarsInLog = 0;
		};
		28495F313E11EF67C6F469DA /* [CP] Check Pods Manifest.lock */ = {
			isa = PBXShellScriptBuildPhase;
			buildActionMask = 2147483647;
			files = (
			);
			inputFileListPaths = (
			);
			inputPaths = (
				"${PODS_PODFILE_DIR_PATH}/Podfile.lock",
				"${PODS_ROOT}/Manifest.lock",
			);
			name = "[CP] Check Pods Manifest.lock";
			outputFileListPaths = (
			);
			outputPaths = (
				"$(DERIVED_FILE_DIR)/Pods-Dorm Room WallTests-checkManifestLockResult.txt",
			);
			runOnlyForDeploymentPostprocessing = 0;
			shellPath = /bin/sh;
			shellScript = "diff \"${PODS_PODFILE_DIR_PATH}/Podfile.lock\" \"${PODS_ROOT}/Manifest.lock\" > /dev/null\nif [ $? != 0 ] ; then\n    # print error to STDERR\n    echo \"error: The sandbox is not in sync with the Podfile.lock. Run 'pod install' or update your CocoaPods installation.\" >&2\n    exit 1\nfi\n# This output is used by Xcode 'outputs' to avoid re-running this script phase.\necho \"SUCCESS\" > \"${SCRIPT_OUTPUT_FILE_0}\"\n";
			showEnvVarsInLog = 0;
		};
		3D3D7C43DF03FB32AEE6199B /* [CP] Embed Pods Frameworks */ = {
			isa = PBXShellScriptBuildPhase;
			buildActionMask = 2147483647;
			files = (
			);
			inputFileListPaths = (
				"${PODS_ROOT}/Target Support Files/Pods-Dorm Room Wall/Pods-Dorm Room Wall-frameworks-${CONFIGURATION}-input-files.xcfilelist",
			);
			name = "[CP] Embed Pods Frameworks";
			outputFileListPaths = (
				"${PODS_ROOT}/Target Support Files/Pods-Dorm Room Wall/Pods-Dorm Room Wall-frameworks-${CONFIGURATION}-output-files.xcfilelist",
			);
			runOnlyForDeploymentPostprocessing = 0;
			shellPath = /bin/sh;
			shellScript = "\"${PODS_ROOT}/Target Support Files/Pods-Dorm Room Wall/Pods-Dorm Room Wall-frameworks.sh\"\n";
			showEnvVarsInLog = 0;
		};
		9FA25AC02728BD336F834B63 /* [CP] Embed Pods Frameworks */ = {
			isa = PBXShellScriptBuildPhase;
			buildActionMask = 2147483647;
			files = (
			);
			inputFileListPaths = (
				"${PODS_ROOT}/Target Support Files/Pods-Dorm Room Wall-Dorm Room WallUITests/Pods-Dorm Room Wall-Dorm Room WallUITests-frameworks-${CONFIGURATION}-input-files.xcfilelist",
			);
			name = "[CP] Embed Pods Frameworks";
			outputFileListPaths = (
				"${PODS_ROOT}/Target Support Files/Pods-Dorm Room Wall-Dorm Room WallUITests/Pods-Dorm Room Wall-Dorm Room WallUITests-frameworks-${CONFIGURATION}-output-files.xcfilelist",
			);
			runOnlyForDeploymentPostprocessing = 0;
			shellPath = /bin/sh;
			shellScript = "\"${PODS_ROOT}/Target Support Files/Pods-Dorm Room Wall-Dorm Room WallUITests/Pods-Dorm Room Wall-Dorm Room WallUITests-frameworks.sh\"\n";
			showEnvVarsInLog = 0;
		};
		C832DF4FE23B178A2BCAB2C7 /* [CP] Check Pods Manifest.lock */ = {
			isa = PBXShellScriptBuildPhase;
			buildActionMask = 2147483647;
			files = (
			);
			inputFileListPaths = (
			);
			inputPaths = (
				"${PODS_PODFILE_DIR_PATH}/Podfile.lock",
				"${PODS_ROOT}/Manifest.lock",
			);
			name = "[CP] Check Pods Manifest.lock";
			outputFileListPaths = (
			);
			outputPaths = (
				"$(DERIVED_FILE_DIR)/Pods-Dorm Room Wall-Dorm Room WallUITests-checkManifestLockResult.txt",
			);
			runOnlyForDeploymentPostprocessing = 0;
			shellPath = /bin/sh;
			shellScript = "diff \"${PODS_PODFILE_DIR_PATH}/Podfile.lock\" \"${PODS_ROOT}/Manifest.lock\" > /dev/null\nif [ $? != 0 ] ; then\n    # print error to STDERR\n    echo \"error: The sandbox is not in sync with the Podfile.lock. Run 'pod install' or update your CocoaPods installation.\" >&2\n    exit 1\nfi\n# This output is used by Xcode 'outputs' to avoid re-running this script phase.\necho \"SUCCESS\" > \"${SCRIPT_OUTPUT_FILE_0}\"\n";
			showEnvVarsInLog = 0;
		};
/* End PBXShellScriptBuildPhase section */

/* Begin PBXSourcesBuildPhase section */
		0B7194E02874E44200DA7114 /* Sources */ = {
			isa = PBXSourcesBuildPhase;
			buildActionMask = 2147483647;
			files = (
				0B719524287649F900DA7114 /* WallFeedController.m in Sources */,
				0B7194E92874E44200DA7114 /* AppDelegate.m in Sources */,
				0B990A4A2876B8F6005B88C1 /* Wall.m in Sources */,
				0B7194FA2874E44300DA7114 /* main.m in Sources */,
				0B7194EC2874E44200DA7114 /* SceneDelegate.m in Sources */,
				0B71952728764AD100DA7114 /* MyWallViewController.m in Sources */,
				0B990A472876B83F005B88C1 /* WallCell.m in Sources */,
				0B71952A28764C6800DA7114 /* ChatViewController.m in Sources */,
				0B71951E287500BC00DA7114 /* LoginViewController.m in Sources */,
			);
			runOnlyForDeploymentPostprocessing = 0;
		};
		0B7194FB2874E44400DA7114 /* Sources */ = {
			isa = PBXSourcesBuildPhase;
			buildActionMask = 2147483647;
			files = (
				0B7195042874E44400DA7114 /* Dorm_Room_WallTests.m in Sources */,
			);
			runOnlyForDeploymentPostprocessing = 0;
		};
		0B7195052874E44400DA7114 /* Sources */ = {
			isa = PBXSourcesBuildPhase;
			buildActionMask = 2147483647;
			files = (
				0B71950E2874E44400DA7114 /* Dorm_Room_WallUITests.m in Sources */,
				0B7195102874E44400DA7114 /* Dorm_Room_WallUITestsLaunchTests.m in Sources */,
			);
			runOnlyForDeploymentPostprocessing = 0;
		};
/* End PBXSourcesBuildPhase section */

/* Begin PBXTargetDependency section */
		0B7195012874E44400DA7114 /* PBXTargetDependency */ = {
			isa = PBXTargetDependency;
			target = 0B7194E32874E44200DA7114 /* Dorm Room Wall */;
			targetProxy = 0B7195002874E44400DA7114 /* PBXContainerItemProxy */;
		};
		0B71950B2874E44400DA7114 /* PBXTargetDependency */ = {
			isa = PBXTargetDependency;
			target = 0B7194E32874E44200DA7114 /* Dorm Room Wall */;
			targetProxy = 0B71950A2874E44400DA7114 /* PBXContainerItemProxy */;
		};
/* End PBXTargetDependency section */

/* Begin PBXVariantGroup section */
		0B7194F02874E44300DA7114 /* Main.storyboard */ = {
			isa = PBXVariantGroup;
			children = (
				0B7194F12874E44300DA7114 /* Base */,
			);
			name = Main.storyboard;
			sourceTree = "<group>";
		};
		0B7194F52874E44300DA7114 /* LaunchScreen.storyboard */ = {
			isa = PBXVariantGroup;
			children = (
				0B7194F62874E44300DA7114 /* Base */,
			);
			name = LaunchScreen.storyboard;
			sourceTree = "<group>";
		};
/* End PBXVariantGroup section */

/* Begin XCBuildConfiguration section */
		0B7195112874E44400DA7114 /* Debug */ = {
			isa = XCBuildConfiguration;
			buildSettings = {
				ALWAYS_SEARCH_USER_PATHS = NO;
				CLANG_ANALYZER_NONNULL = YES;
				CLANG_ANALYZER_NUMBER_OBJECT_CONVERSION = YES_AGGRESSIVE;
				CLANG_CXX_LANGUAGE_STANDARD = "gnu++17";
				CLANG_ENABLE_MODULES = YES;
				CLANG_ENABLE_OBJC_ARC = YES;
				CLANG_ENABLE_OBJC_WEAK = YES;
				CLANG_WARN_BLOCK_CAPTURE_AUTORELEASING = YES;
				CLANG_WARN_BOOL_CONVERSION = YES;
				CLANG_WARN_COMMA = YES;
				CLANG_WARN_CONSTANT_CONVERSION = YES;
				CLANG_WARN_DEPRECATED_OBJC_IMPLEMENTATIONS = YES;
				CLANG_WARN_DIRECT_OBJC_ISA_USAGE = YES_ERROR;
				CLANG_WARN_DOCUMENTATION_COMMENTS = YES;
				CLANG_WARN_EMPTY_BODY = YES;
				CLANG_WARN_ENUM_CONVERSION = YES;
				CLANG_WARN_INFINITE_RECURSION = YES;
				CLANG_WARN_INT_CONVERSION = YES;
				CLANG_WARN_NON_LITERAL_NULL_CONVERSION = YES;
				CLANG_WARN_OBJC_IMPLICIT_RETAIN_SELF = YES;
				CLANG_WARN_OBJC_LITERAL_CONVERSION = YES;
				CLANG_WARN_OBJC_ROOT_CLASS = YES_ERROR;
				CLANG_WARN_QUOTED_INCLUDE_IN_FRAMEWORK_HEADER = YES;
				CLANG_WARN_RANGE_LOOP_ANALYSIS = YES;
				CLANG_WARN_STRICT_PROTOTYPES = YES;
				CLANG_WARN_SUSPICIOUS_MOVE = YES;
				CLANG_WARN_UNGUARDED_AVAILABILITY = YES_AGGRESSIVE;
				CLANG_WARN_UNREACHABLE_CODE = YES;
				CLANG_WARN__DUPLICATE_METHOD_MATCH = YES;
				COPY_PHASE_STRIP = NO;
				DEBUG_INFORMATION_FORMAT = dwarf;
				ENABLE_STRICT_OBJC_MSGSEND = YES;
				ENABLE_TESTABILITY = YES;
				GCC_C_LANGUAGE_STANDARD = gnu11;
				GCC_DYNAMIC_NO_PIC = NO;
				GCC_NO_COMMON_BLOCKS = YES;
				GCC_OPTIMIZATION_LEVEL = 0;
				GCC_PREPROCESSOR_DEFINITIONS = (
					"DEBUG=1",
					"$(inherited)",
				);
				GCC_WARN_64_TO_32_BIT_CONVERSION = YES;
				GCC_WARN_ABOUT_RETURN_TYPE = YES_ERROR;
				GCC_WARN_UNDECLARED_SELECTOR = YES;
				GCC_WARN_UNINITIALIZED_AUTOS = YES_AGGRESSIVE;
				GCC_WARN_UNUSED_FUNCTION = YES;
				GCC_WARN_UNUSED_VARIABLE = YES;
				IPHONEOS_DEPLOYMENT_TARGET = 15.5;
				MTL_ENABLE_DEBUG_INFO = INCLUDE_SOURCE;
				MTL_FAST_MATH = YES;
				ONLY_ACTIVE_ARCH = YES;
				SDKROOT = iphoneos;
			};
			name = Debug;
		};
		0B7195122874E44400DA7114 /* Release */ = {
			isa = XCBuildConfiguration;
			buildSettings = {
				ALWAYS_SEARCH_USER_PATHS = NO;
				CLANG_ANALYZER_NONNULL = YES;
				CLANG_ANALYZER_NUMBER_OBJECT_CONVERSION = YES_AGGRESSIVE;
				CLANG_CXX_LANGUAGE_STANDARD = "gnu++17";
				CLANG_ENABLE_MODULES = YES;
				CLANG_ENABLE_OBJC_ARC = YES;
				CLANG_ENABLE_OBJC_WEAK = YES;
				CLANG_WARN_BLOCK_CAPTURE_AUTORELEASING = YES;
				CLANG_WARN_BOOL_CONVERSION = YES;
				CLANG_WARN_COMMA = YES;
				CLANG_WARN_CONSTANT_CONVERSION = YES;
				CLANG_WARN_DEPRECATED_OBJC_IMPLEMENTATIONS = YES;
				CLANG_WARN_DIRECT_OBJC_ISA_USAGE = YES_ERROR;
				CLANG_WARN_DOCUMENTATION_COMMENTS = YES;
				CLANG_WARN_EMPTY_BODY = YES;
				CLANG_WARN_ENUM_CONVERSION = YES;
				CLANG_WARN_INFINITE_RECURSION = YES;
				CLANG_WARN_INT_CONVERSION = YES;
				CLANG_WARN_NON_LITERAL_NULL_CONVERSION = YES;
				CLANG_WARN_OBJC_IMPLICIT_RETAIN_SELF = YES;
				CLANG_WARN_OBJC_LITERAL_CONVERSION = YES;
				CLANG_WARN_OBJC_ROOT_CLASS = YES_ERROR;
				CLANG_WARN_QUOTED_INCLUDE_IN_FRAMEWORK_HEADER = YES;
				CLANG_WARN_RANGE_LOOP_ANALYSIS = YES;
				CLANG_WARN_STRICT_PROTOTYPES = YES;
				CLANG_WARN_SUSPICIOUS_MOVE = YES;
				CLANG_WARN_UNGUARDED_AVAILABILITY = YES_AGGRESSIVE;
				CLANG_WARN_UNREACHABLE_CODE = YES;
				CLANG_WARN__DUPLICATE_METHOD_MATCH = YES;
				COPY_PHASE_STRIP = NO;
				DEBUG_INFORMATION_FORMAT = "dwarf-with-dsym";
				ENABLE_NS_ASSERTIONS = NO;
				ENABLE_STRICT_OBJC_MSGSEND = YES;
				GCC_C_LANGUAGE_STANDARD = gnu11;
				GCC_NO_COMMON_BLOCKS = YES;
				GCC_WARN_64_TO_32_BIT_CONVERSION = YES;
				GCC_WARN_ABOUT_RETURN_TYPE = YES_ERROR;
				GCC_WARN_UNDECLARED_SELECTOR = YES;
				GCC_WARN_UNINITIALIZED_AUTOS = YES_AGGRESSIVE;
				GCC_WARN_UNUSED_FUNCTION = YES;
				GCC_WARN_UNUSED_VARIABLE = YES;
				IPHONEOS_DEPLOYMENT_TARGET = 15.5;
				MTL_ENABLE_DEBUG_INFO = NO;
				MTL_FAST_MATH = YES;
				SDKROOT = iphoneos;
				VALIDATE_PRODUCT = YES;
			};
			name = Release;
		};
		0B7195142874E44400DA7114 /* Debug */ = {
			isa = XCBuildConfiguration;
			baseConfigurationReference = C5A92D1E4187127565914AFD /* Pods-Dorm Room Wall.debug.xcconfig */;
			buildSettings = {
				ASSETCATALOG_COMPILER_APPICON_NAME = AppIcon;
				ASSETCATALOG_COMPILER_GLOBAL_ACCENT_COLOR_NAME = AccentColor;
				CODE_SIGN_STYLE = Automatic;
				CURRENT_PROJECT_VERSION = 1;
				DEVELOPMENT_TEAM = H3A3L9F6YA;
				GENERATE_INFOPLIST_FILE = YES;
				INFOPLIST_FILE = "Dorm Room Wall/Info.plist";
				INFOPLIST_KEY_UIApplicationSupportsIndirectInputEvents = YES;
				INFOPLIST_KEY_UILaunchStoryboardName = LaunchScreen;
				INFOPLIST_KEY_UIMainStoryboardFile = Main;
				INFOPLIST_KEY_UISupportedInterfaceOrientations_iPad = "UIInterfaceOrientationPortrait UIInterfaceOrientationPortraitUpsideDown UIInterfaceOrientationLandscapeLeft UIInterfaceOrientationLandscapeRight";
				INFOPLIST_KEY_UISupportedInterfaceOrientations_iPhone = "UIInterfaceOrientationPortrait UIInterfaceOrientationLandscapeLeft UIInterfaceOrientationLandscapeRight";
				LD_RUNPATH_SEARCH_PATHS = (
					"$(inherited)",
					"@executable_path/Frameworks",
				);
				MARKETING_VERSION = 1.0;
				PRODUCT_BUNDLE_IDENTIFIER = "com.abena.Dorm-Room-Wall";
				PRODUCT_NAME = "$(TARGET_NAME)";
				SWIFT_EMIT_LOC_STRINGS = YES;
				TARGETED_DEVICE_FAMILY = "1,2";
			};
			name = Debug;
		};
		0B7195152874E44400DA7114 /* Release */ = {
			isa = XCBuildConfiguration;
			baseConfigurationReference = A8D396D7FDE03B0778F42015 /* Pods-Dorm Room Wall.release.xcconfig */;
			buildSettings = {
				ASSETCATALOG_COMPILER_APPICON_NAME = AppIcon;
				ASSETCATALOG_COMPILER_GLOBAL_ACCENT_COLOR_NAME = AccentColor;
				CODE_SIGN_STYLE = Automatic;
				CURRENT_PROJECT_VERSION = 1;
				DEVELOPMENT_TEAM = H3A3L9F6YA;
				GENERATE_INFOPLIST_FILE = YES;
				INFOPLIST_FILE = "Dorm Room Wall/Info.plist";
				INFOPLIST_KEY_UIApplicationSupportsIndirectInputEvents = YES;
				INFOPLIST_KEY_UILaunchStoryboardName = LaunchScreen;
				INFOPLIST_KEY_UIMainStoryboardFile = Main;
				INFOPLIST_KEY_UISupportedInterfaceOrientations_iPad = "UIInterfaceOrientationPortrait UIInterfaceOrientationPortraitUpsideDown UIInterfaceOrientationLandscapeLeft UIInterfaceOrientationLandscapeRight";
				INFOPLIST_KEY_UISupportedInterfaceOrientations_iPhone = "UIInterfaceOrientationPortrait UIInterfaceOrientationLandscapeLeft UIInterfaceOrientationLandscapeRight";
				LD_RUNPATH_SEARCH_PATHS = (
					"$(inherited)",
					"@executable_path/Frameworks",
				);
				MARKETING_VERSION = 1.0;
				PRODUCT_BUNDLE_IDENTIFIER = "com.abena.Dorm-Room-Wall";
				PRODUCT_NAME = "$(TARGET_NAME)";
				SWIFT_EMIT_LOC_STRINGS = YES;
				TARGETED_DEVICE_FAMILY = "1,2";
			};
			name = Release;
		};
		0B7195172874E44400DA7114 /* Debug */ = {
			isa = XCBuildConfiguration;
			baseConfigurationReference = 077EF76A3B8EEBFAC278BCD1 /* Pods-Dorm Room WallTests.debug.xcconfig */;
			buildSettings = {
				BUNDLE_LOADER = "$(TEST_HOST)";
				CODE_SIGN_STYLE = Automatic;
				CURRENT_PROJECT_VERSION = 1;
				DEVELOPMENT_TEAM = H3A3L9F6YA;
				GENERATE_INFOPLIST_FILE = YES;
				IPHONEOS_DEPLOYMENT_TARGET = 15.5;
				MARKETING_VERSION = 1.0;
				PRODUCT_BUNDLE_IDENTIFIER = "com.abena.Dorm-Room-WallTests";
				PRODUCT_NAME = "$(TARGET_NAME)";
				SWIFT_EMIT_LOC_STRINGS = NO;
				TARGETED_DEVICE_FAMILY = "1,2";
				TEST_HOST = "$(BUILT_PRODUCTS_DIR)/Dorm Room Wall.app/Dorm Room Wall";
			};
			name = Debug;
		};
		0B7195182874E44400DA7114 /* Release */ = {
			isa = XCBuildConfiguration;
			baseConfigurationReference = 6635A27A7198C096730137A3 /* Pods-Dorm Room WallTests.release.xcconfig */;
			buildSettings = {
				BUNDLE_LOADER = "$(TEST_HOST)";
				CODE_SIGN_STYLE = Automatic;
				CURRENT_PROJECT_VERSION = 1;
				DEVELOPMENT_TEAM = H3A3L9F6YA;
				GENERATE_INFOPLIST_FILE = YES;
				IPHONEOS_DEPLOYMENT_TARGET = 15.5;
				MARKETING_VERSION = 1.0;
				PRODUCT_BUNDLE_IDENTIFIER = "com.abena.Dorm-Room-WallTests";
				PRODUCT_NAME = "$(TARGET_NAME)";
				SWIFT_EMIT_LOC_STRINGS = NO;
				TARGETED_DEVICE_FAMILY = "1,2";
				TEST_HOST = "$(BUILT_PRODUCTS_DIR)/Dorm Room Wall.app/Dorm Room Wall";
			};
			name = Release;
		};
		0B71951A2874E44400DA7114 /* Debug */ = {
			isa = XCBuildConfiguration;
			baseConfigurationReference = 7995E3DFE3C7BFD19D9A6B3A /* Pods-Dorm Room Wall-Dorm Room WallUITests.debug.xcconfig */;
			buildSettings = {
				CODE_SIGN_STYLE = Automatic;
				CURRENT_PROJECT_VERSION = 1;
				DEVELOPMENT_TEAM = H3A3L9F6YA;
				GENERATE_INFOPLIST_FILE = YES;
				MARKETING_VERSION = 1.0;
				PRODUCT_BUNDLE_IDENTIFIER = "com.abena.Dorm-Room-WallUITests";
				PRODUCT_NAME = "$(TARGET_NAME)";
				SWIFT_EMIT_LOC_STRINGS = NO;
				TARGETED_DEVICE_FAMILY = "1,2";
				TEST_TARGET_NAME = "Dorm Room Wall";
			};
			name = Debug;
		};
		0B71951B2874E44400DA7114 /* Release */ = {
			isa = XCBuildConfiguration;
			baseConfigurationReference = 4420F7F39F798B113B04DD56 /* Pods-Dorm Room Wall-Dorm Room WallUITests.release.xcconfig */;
			buildSettings = {
				CODE_SIGN_STYLE = Automatic;
				CURRENT_PROJECT_VERSION = 1;
				DEVELOPMENT_TEAM = H3A3L9F6YA;
				GENERATE_INFOPLIST_FILE = YES;
				MARKETING_VERSION = 1.0;
				PRODUCT_BUNDLE_IDENTIFIER = "com.abena.Dorm-Room-WallUITests";
				PRODUCT_NAME = "$(TARGET_NAME)";
				SWIFT_EMIT_LOC_STRINGS = NO;
				TARGETED_DEVICE_FAMILY = "1,2";
				TEST_TARGET_NAME = "Dorm Room Wall";
			};
			name = Release;
		};
/* End XCBuildConfiguration section */

/* Begin XCConfigurationList section */
		0B7194DF2874E44200DA7114 /* Build configuration list for PBXProject "Dorm Room Wall" */ = {
			isa = XCConfigurationList;
			buildConfigurations = (
				0B7195112874E44400DA7114 /* Debug */,
				0B7195122874E44400DA7114 /* Release */,
			);
			defaultConfigurationIsVisible = 0;
			defaultConfigurationName = Release;
		};
		0B7195132874E44400DA7114 /* Build configuration list for PBXNativeTarget "Dorm Room Wall" */ = {
			isa = XCConfigurationList;
			buildConfigurations = (
				0B7195142874E44400DA7114 /* Debug */,
				0B7195152874E44400DA7114 /* Release */,
			);
			defaultConfigurationIsVisible = 0;
			defaultConfigurationName = Release;
		};
		0B7195162874E44400DA7114 /* Build configuration list for PBXNativeTarget "Dorm Room WallTests" */ = {
			isa = XCConfigurationList;
			buildConfigurations = (
				0B7195172874E44400DA7114 /* Debug */,
				0B7195182874E44400DA7114 /* Release */,
			);
			defaultConfigurationIsVisible = 0;
			defaultConfigurationName = Release;
		};
		0B7195192874E44400DA7114 /* Build configuration list for PBXNativeTarget "Dorm Room WallUITests" */ = {
			isa = XCConfigurationList;
			buildConfigurations = (
				0B71951A2874E44400DA7114 /* Debug */,
				0B71951B2874E44400DA7114 /* Release */,
			);
			defaultConfigurationIsVisible = 0;
			defaultConfigurationName = Release;
		};
/* End XCConfigurationList section */
	};
	rootObject = 0B7194DC2874E44200DA7114 /* Project object */;
}
